
Microsoft Visual Studio Solution File, Format Version 12.00
# Visual Studio Version 16
VisualStudioVersion = 16.0.31112.23
MinimumVisualStudioVersion = 10.0.40219.1
Project("{FAE04EC0-301F-11D3-BF4B-00C04F79EFBC}") = "WebBanGiay", "WebBanGiay\WebBanGiay.csproj", "{62C000F8-13D0-4ED7-9957-0ECBCB3F8D42}"
EndProject
Global
	GlobalSection(SolutionConfigurationPlatforms) = preSolution
		Debug|Any CPU = Debug|Any CPU
		Release|Any CPU = Release|Any CPU
	EndGlobalSection
	GlobalSection(ProjectConfigurationPlatforms) = postSolution
		{62C000F8-13D0-4ED7-9957-0ECBCB3F8D42}.Debug|Any CPU.ActiveCfg = Debug|Any CPU
		{62C000F8-13D0-4ED7-9957-0ECBCB3F8D42}.Debug|Any CPU.Build.0 = Debug|Any CPU
		{62C000F8-13D0-4ED7-9957-0ECBCB3F8D42}.Release|Any CPU.ActiveCfg = Release|Any CPU
		{62C000F8-13D0-4ED7-9957-0ECBCB3F8D42}.Release|Any CPU.Build.0 = Release|Any CPU
	EndGlobalSection
	GlobalSection(SolutionProperties) = preSolution
		HideSolutionNode = FALSE
	EndGlobalSection
	GlobalSection(ExtensibilityGlobals) = postSolution
		SolutionGuid = {85F916E5-F565-4842-B827-45D98351F5E9}
	EndGlobalSection
EndGlobal
